
Microsoft Visual Studio Solution File, Format Version 12.00
# Visual Studio Version 17
VisualStudioVersion = 17.9.34723.18
MinimumVisualStudioVersion = 10.0.40219.1
Project("{FAE04EC0-301F-11D3-BF4B-00C04F79EFBC}") = "VillaWebApi", "VillaWebApi.csproj", "{BC3837EA-F7B4-4F19-A5C8-6C792A791A07}"
EndProject
Global
	GlobalSection(SolutionConfigurationPlatforms) = preSolution
		Debug|Any CPU = Debug|Any CPU
		Release|Any CPU = Release|Any CPU
	EndGlobalSection
	GlobalSection(ProjectConfigurationPlatforms) = postSolution
		{BC3837EA-F7B4-4F19-A5C8-6C792A791A07}.Debug|Any CPU.ActiveCfg = Debug|Any CPU
		{BC3837EA-F7B4-4F19-A5C8-6C792A791A07}.Debug|Any CPU.Build.0 = Debug|Any CPU
		{BC3837EA-F7B4-4F19-A5C8-6C792A791A07}.Release|Any CPU.ActiveCfg = Release|Any CPU
		{BC3837EA-F7B4-4F19-A5C8-6C792A791A07}.Release|Any CPU.Build.0 = Release|Any CPU
	EndGlobalSection
	GlobalSection(SolutionProperties) = preSolution
		HideSolutionNode = FALSE
	EndGlobalSection
	GlobalSection(ExtensibilityGlobals) = postSolution
		SolutionGuid = {7F6016E2-F470-422E-8E0D-DDAE966B0F8F}
	EndGlobalSection
EndGlobal
